%{
  "accept": {:hex, :accept, "0.3.4", "e3a25cbb1f6b51ee5f23d854b72f5a6fc97b42fe7e9fd8290daa334d59311c64", [:rebar3], [], "hexpm"},
  "prometheus": {:hex, :prometheus, "4.2.2", "a830e77b79dc6d28183f4db050a7cac926a6c58f1872f9ef94a35cd989aceef8", [:mix, :rebar3], [], "hexpm"},
  "prometheus_httpd": {:hex, :prometheus_httpd, "2.1.11", "f616ed9b85b536b195d94104063025a91f904a4cfc20255363f49a197d96c896", [:rebar3], [{:accept, "~> 0.3", [hex: :accept, repo: "hexpm", optional: false]}, {:prometheus, "~> 4.2", [hex: :prometheus, repo: "hexpm", optional: false]}], "hexpm"},
}
